version = 1
revision = 3
requires-python = "==3.12.*"

[[package]]
name = "bidict"
version = "0.23.1"
source = { registry = "https://pypi.org/simple" }
sdist = { url = "https://files.pythonhosted.org/packages/9a/6e/026678aa5a830e07cd9498a05d3e7e650a4f56a42f267a53d22bcda1bdc9/bidict-0.23.1.tar.gz", hash = "sha256:03069d763bc387bbd20e7d49914e75fc4132a41937fa3405417e1a5a2d006d71", size = 29093, upload-time = "2024-02-18T19:09:05.748Z" }
wheels = [
    { url = "https://files.pythonhosted.org/packages/99/37/e8730c3587a65eb5645d4aba2d27aae48e8003614d6aaf15dda67f702f1f/bidict-0.23.1-py3-none-any.whl", hash = "sha256:5dae8d4d79b552a71cbabc7deb25dfe8ce710b17ff41711e13010ead2abfc3e5", size = 32764, upload-time = "2024-02-18T19:09:04.156Z" },
]

[[package]]
name = "cffi"
version = "1.15.1"
source = { registry = "https://pypi.org/simple" }
dependencies = [
    { name = "pycparser" },
]
sdist = { url = "https://files.pythonhosted.org/packages/2b/a8/050ab4f0c3d4c1b8aaa805f70e26e84d0e27004907c5b8ecc1d31815f92a/cffi-1.15.1.tar.gz", hash = "sha256:d400bfb9a37b1351253cb402671cea7e89bdecc294e8016a707f6d1d8ac934f9", size = 508501, upload-time = "2022-06-30T18:18:32.799Z" }

[[package]]
name = "cfgv"
version = "3.4.0"
source = { registry = "https://pypi.org/simple" }
sdist = { url = "https://files.pythonhosted.org/packages/11/74/539e56497d9bd1d484fd863dd69cbbfa653cd2aa27abfe35653494d85e94/cfgv-3.4.0.tar.gz", hash = "sha256:e52591d4c5f5dead8e0f673fb16db7949d2cfb3f7da4582893288f0ded8fe560", size = 7114, upload-time = "2023-08-12T20:38:17.776Z" }
wheels = [
    { url = "https://files.pythonhosted.org/packages/c5/55/51844dd50c4fc7a33b653bfaba4c2456f06955289ca770a5dbd5fd267374/cfgv-3.4.0-py2.py3-none-any.whl", hash = "sha256:b7265b1f29fd3316bfcd2b330d63d024f2bfd8bcb8b0272f8e19a504856c48f9", size = 7249, upload-time = "2023-08-12T20:38:16.269Z" },
]

[[package]]
name = "click"
version = "8.2.1"
source = { registry = "https://pypi.org/simple" }
dependencies = [
    { name = "colorama", marker = "sys_platform == 'win32'" },
]
sdist = { url = "https://files.pythonhosted.org/packages/60/6c/8ca2efa64cf75a977a0d7fac081354553ebe483345c734fb6b6515d96bbc/click-8.2.1.tar.gz", hash = "sha256:27c491cc05d968d271d5a1db13e3b5a184636d9d930f148c50b038f0d0646202", size = 286342, upload-time = "2025-05-20T23:19:49.832Z" }
wheels = [
    { url = "https://files.pythonhosted.org/packages/85/32/10bb5764d90a8eee674e9dc6f4db6a0ab47c8c4d0d83c27f7c39ac415a4d/click-8.2.1-py3-none-any.whl", hash = "sha256:61a3265b914e850b85317d0b3109c7f8cd35a670f963866005d6ef1d5175a12b", size = 102215, upload-time = "2025-05-20T23:19:47.796Z" },
]

[[package]]
name = "colorama"
version = "0.4.6"
source = { registry = "https://pypi.org/simple" }
sdist = { url = "https://files.pythonhosted.org/packages/d8/53/6f443c9a4a8358a93a6792e2acffb9d9d5cb0a5cfd8802644b7b1c9a02e4/colorama-0.4.6.tar.gz", hash = "sha256:08695f5cb7ed6e0531a20572697297273c47b8cae5a63ffc6d6ed5c201be6e44", size = 27697, upload-time = "2022-10-25T02:36:22.414Z" }
wheels = [
    { url = "https://files.pythonhosted.org/packages/d1/d6/3965ed04c63042e047cb6a3e6ed1a63a35087b6a609aa3a15ed8ac56c221/colorama-0.4.6-py2.py3-none-any.whl", hash = "sha256:4f1d9991f5acc0ca119f9d443620b77f9d6b33703e51011c16baf57afb285fc6", size = 25335, upload-time = "2022-10-25T02:36:20.889Z" },
]

[[package]]
name = "distlib"
version = "0.3.9"
source = { registry = "https://pypi.org/simple" }
sdist = { url = "https://files.pythonhosted.org/packages/0d/dd/1bec4c5ddb504ca60fc29472f3d27e8d4da1257a854e1d96742f15c1d02d/distlib-0.3.9.tar.gz", hash = "sha256:a60f20dea646b8a33f3e7772f74dc0b2d0772d2837ee1342a00645c81edf9403", size = 613923, upload-time = "2024-10-09T18:35:47.551Z" }
wheels = [
    { url = "https://files.pythonhosted.org/packages/91/a1/cf2472db20f7ce4a6be1253a81cfdf85ad9c7885ffbed7047fb72c24cf87/distlib-0.3.9-py2.py3-none-any.whl", hash = "sha256:47f8c22fd27c27e25a65601af709b38e4f0a45ea4fc2e710f65755fa8caaaf87", size = 468973, upload-time = "2024-10-09T18:35:44.272Z" },
]

[[package]]
name = "filelock"
version = "3.16.1"
source = { registry = "https://pypi.org/simple" }
sdist = { url = "https://files.pythonhosted.org/packages/9d/db/3ef5bb276dae18d6ec2124224403d1d67bccdbefc17af4cc8f553e341ab1/filelock-3.16.1.tar.gz", hash = "sha256:c249fbfcd5db47e5e2d6d62198e565475ee65e4831e2561c8e313fa7eb961435", size = 18037, upload-time = "2024-09-17T19:02:01.779Z" }
wheels = [
    { url = "https://files.pythonhosted.org/packages/b9/f8/feced7779d755758a52d1f6635d990b8d98dc0a29fa568bbe0625f18fdf3/filelock-3.16.1-py3-none-any.whl", hash = "sha256:2082e5703d51fbf98ea75855d9d5527e33d8ff23099bec374a134febee6946b0", size = 16163, upload-time = "2024-09-17T19:02:00.268Z" },
]

[[package]]
name = "identify"
version = "2.6.10"
source = { registry = "https://pypi.org/simple" }
sdist = { url = "https://files.pythonhosted.org/packages/0c/83/b6ea0334e2e7327084a46aaaf71f2146fc061a192d6518c0d020120cd0aa/identify-2.6.10.tar.gz", hash = "sha256:45e92fd704f3da71cc3880036633f48b4b7265fd4de2b57627cb157216eb7eb8", size = 99201, upload-time = "2025-04-19T15:10:38.32Z" }
wheels = [
    { url = "https://files.pythonhosted.org/packages/2b/d3/85feeba1d097b81a44bcffa6a0beab7b4dfffe78e82fc54978d3ac380736/identify-2.6.10-py2.py3-none-any.whl", hash = "sha256:5f34248f54136beed1a7ba6a6b5c4b6cf21ff495aac7c359e1ef831ae3b8ab25", size = 99101, upload-time = "2025-04-19T15:10:36.701Z" },
]

[[package]]
name = "iniconfig"
version = "2.1.0"
source = { registry = "https://pypi.org/simple" }
sdist = { url = "https://files.pythonhosted.org/packages/f2/97/ebf4da567aa6827c909642694d71c9fcf53e5b504f2d96afea02718862f3/iniconfig-2.1.0.tar.gz", hash = "sha256:3abbd2e30b36733fee78f9c7f7308f2d0050e88f0087fd25c2645f63c773e1c7", size = 4793, upload-time = "2025-03-19T20:09:59.721Z" }
wheels = [
    { url = "https://files.pythonhosted.org/packages/2c/e1/e6716421ea10d38022b952c159d5161ca1193197fb744506875fbb87ea7b/iniconfig-2.1.0-py3-none-any.whl", hash = "sha256:9deba5723312380e77435581c6bf4935c94cbfab9b1ed33ef8d238ea168eb760", size = 6050, upload-time = "2025-03-19T20:10:01.071Z" },
]

[[package]]
name = "markdown-it-py"
version = "3.0.0"
source = { registry = "https://pypi.org/simple" }
dependencies = [
    { name = "mdurl" },
]
sdist = { url = "https://files.pythonhosted.org/packages/38/71/3b932df36c1a044d397a1f92d1cf91ee0a503d91e470cbd670aa66b07ed0/markdown-it-py-3.0.0.tar.gz", hash = "sha256:e3f60a94fa066dc52ec76661e37c851cb232d92f9886b15cb560aaada2df8feb", size = 74596, upload-time = "2023-06-03T06:41:14.443Z" }
wheels = [
    { url = "https://files.pythonhosted.org/packages/42/d7/1ec15b46af6af88f19b8e5ffea08fa375d433c998b8a7639e76935c14f1f/markdown_it_py-3.0.0-py3-none-any.whl", hash = "sha256:355216845c60bd96232cd8d8c40e8f9765cc86f46880e43a8fd22dc1a1a8cab1", size = 87528, upload-time = "2023-06-03T06:41:11.019Z" },
]

[[package]]
name = "mdurl"
version = "0.1.2"
source = { registry = "https://pypi.org/simple" }
sdist = { url = "https://files.pythonhosted.org/packages/d6/54/cfe61301667036ec958cb99bd3efefba235e65cdeb9c84d24a8293ba1d90/mdurl-0.1.2.tar.gz", hash = "sha256:bb413d29f5eea38f31dd4754dd7377d4465116fb207585f97bf925588687c1ba", size = 8729, upload-time = "2022-08-14T12:40:10.846Z" }
wheels = [
    { url = "https://files.pythonhosted.org/packages/b3/38/89ba8ad64ae25be8de66a6d463314cf1eb366222074cfda9ee839c56a4b4/mdurl-0.1.2-py3-none-any.whl", hash = "sha256:84008a41e51615a49fc9966191ff91509e3c40b939176e643fd50a5c2196b8f8", size = 9979, upload-time = "2022-08-14T12:40:09.779Z" },
]

[[package]]
name = "mip"
version = "1.16rc0"
source = { registry = "https://pypi.org/simple" }
dependencies = [
    { name = "cffi" },
]
sdist = { url = "https://files.pythonhosted.org/packages/0c/49/bbf3ddcf6ec65753505c15b14e621b5de31e3044af3a5cd354ca3cf4e952/mip-1.16rc0.tar.gz", hash = "sha256:f250083a41f4e1f61b6885041d64ed2a88bff5ead7165c329b5b31d07c517466", size = 27286466, upload-time = "2024-02-18T03:41:41.091Z" }
wheels = [
    { url = "https://files.pythonhosted.org/packages/c7/d3/39e276363e9afb5c80336addf903a133b458dcc130a4d0f5e60bc9e881e7/mip-1.16rc0-py3-none-any.whl", hash = "sha256:62e04c27bce56da94d070f6b03d9e342600d10f4016984334af7dae8c0f9fd09", size = 17999893, upload-time = "2024-02-18T03:41:13.209Z" },
]

[[package]]
name = "multimethod"
version = "2.0"
source = { registry = "https://pypi.org/simple" }
sdist = { url = "https://files.pythonhosted.org/packages/55/14/34e8c84ba4f1ab1186dc07426e0e84be71d3336cc57e8d076ee14331d50e/multimethod-2.0.tar.gz", hash = "sha256:c628b6d2e7d61fbe58484dd884d990901e8314faf58af062e72b65e3423cb109", size = 16065, upload-time = "2024-12-27T02:09:34.423Z" }
wheels = [
    { url = "https://files.pythonhosted.org/packages/84/42/a285fc4b89b3a249538954779cd4082a85bf35dc7d0a9c93e48e146e3dc7/multimethod-2.0-py3-none-any.whl", hash = "sha256:45aa231dc9dbb7f980c0f2ad8179e2c2b72a8cd5c7d7534337be66dde29d35be", size = 9836, upload-time = "2024-12-27T02:09:31.671Z" },
]

[[package]]
name = "mypy"
version = "1.15.0"
source = { registry = "https://pypi.org/simple" }
dependencies = [
    { name = "mypy-extensions" },
    { name = "typing-extensions" },
]
sdist = { url = "https://files.pythonhosted.org/packages/ce/43/d5e49a86afa64bd3839ea0d5b9c7103487007d728e1293f52525d6d5486a/mypy-1.15.0.tar.gz", hash = "sha256:404534629d51d3efea5c800ee7c42b72a6554d6c400e6a79eafe15d11341fd43", size = 3239717, upload-time = "2025-02-05T03:50:34.655Z" }
wheels = [
    { url = "https://files.pythonhosted.org/packages/98/3a/03c74331c5eb8bd025734e04c9840532226775c47a2c39b56a0c8d4f128d/mypy-1.15.0-cp312-cp312-macosx_10_13_x86_64.whl", hash = "sha256:aea39e0583d05124836ea645f412e88a5c7d0fd77a6d694b60d9b6b2d9f184fd", size = 10793981, upload-time = "2025-02-05T03:50:28.25Z" },
    { url = "https://files.pythonhosted.org/packages/f0/1a/41759b18f2cfd568848a37c89030aeb03534411eef981df621d8fad08a1d/mypy-1.15.0-cp312-cp312-macosx_11_0_arm64.whl", hash = "sha256:2f2147ab812b75e5b5499b01ade1f4a81489a147c01585cda36019102538615f", size = 9749175, upload-time = "2025-02-05T03:50:13.411Z" },
    { url = "https://files.pythonhosted.org/packages/12/7e/873481abf1ef112c582db832740f4c11b2bfa510e829d6da29b0ab8c3f9c/mypy-1.15.0-cp312-cp312-manylinux_2_17_aarch64.manylinux2014_aarch64.manylinux_2_28_aarch64.whl", hash = "sha256:ce436f4c6d218a070048ed6a44c0bbb10cd2cc5e272b29e7845f6a2f57ee4464", size = 11455675, upload-time = "2025-02-05T03:50:31.421Z" },
    { url = "https://files.pythonhosted.org/packages/b3/d0/92ae4cde706923a2d3f2d6c39629134063ff64b9dedca9c1388363da072d/mypy-1.15.0-cp312-cp312-manylinux_2_17_x86_64.manylinux2014_x86_64.manylinux_2_28_x86_64.whl", hash = "sha256:8023ff13985661b50a5928fc7a5ca15f3d1affb41e5f0a9952cb68ef090b31ee", size = 12410020, upload-time = "2025-02-05T03:48:48.705Z" },
    { url = "https://files.pythonhosted.org/packages/46/8b/df49974b337cce35f828ba6fda228152d6db45fed4c86ba56ffe442434fd/mypy-1.15.0-cp312-cp312-musllinux_1_2_x86_64.whl", hash = "sha256:1124a18bc11a6a62887e3e137f37f53fbae476dc36c185d549d4f837a2a6a14e", size = 12498582, upload-time = "2025-02-05T03:49:03.628Z" },
    { url = "https://files.pythonhosted.org/packages/13/50/da5203fcf6c53044a0b699939f31075c45ae8a4cadf538a9069b165c1050/mypy-1.15.0-cp312-cp312-win_amd64.whl", hash = "sha256:171a9ca9a40cd1843abeca0e405bc1940cd9b305eaeea2dda769ba096932bb22", size = 9366614, upload-time = "2025-02-05T03:50:00.313Z" },
    { url = "https://files.pythonhosted.org/packages/09/4e/a7d65c7322c510de2c409ff3828b03354a7c43f5a8ed458a7a131b41c7b9/mypy-1.15.0-py3-none-any.whl", hash = "sha256:5469affef548bd1895d86d3bf10ce2b44e33d86923c29e4d675b3e323437ea3e", size = 2221777, upload-time = "2025-02-05T03:50:08.348Z" },
]

[[package]]
name = "mypy-extensions"
version = "1.0.0"
source = { registry = "https://pypi.org/simple" }
sdist = { url = "https://files.pythonhosted.org/packages/98/a4/1ab47638b92648243faf97a5aeb6ea83059cc3624972ab6b8d2316078d3f/mypy_extensions-1.0.0.tar.gz", hash = "sha256:75dbf8955dc00442a438fc4d0666508a9a97b6bd41aa2f0ffe9d2f2725af0782", size = 4433, upload-time = "2023-02-04T12:11:27.157Z" }
wheels = [
    { url = "https://files.pythonhosted.org/packages/2a/e2/5d3f6ada4297caebe1a2add3b126fe800c96f56dbe5d1988a2cbe0b267aa/mypy_extensions-1.0.0-py3-none-any.whl", hash = "sha256:4392f6c0eb8a5668a69e23d168ffa70f0be9ccfd32b5cc2d26a34ae5b844552d", size = 4695, upload-time = "2023-02-04T12:11:25.002Z" },
]

[[package]]
name = "nodeenv"
version = "1.9.1"
source = { registry = "https://pypi.org/simple" }
sdist = { url = "https://files.pythonhosted.org/packages/43/16/fc88b08840de0e0a72a2f9d8c6bae36be573e475a6326ae854bcc549fc45/nodeenv-1.9.1.tar.gz", hash = "sha256:6ec12890a2dab7946721edbfbcd91f3319c6ccc9aec47be7c7e6b7011ee6645f", size = 47437, upload-time = "2024-06-04T18:44:11.171Z" }
wheels = [
    { url = "https://files.pythonhosted.org/packages/d2/1d/1b658dbd2b9fa9c4c9f32accbfc0205d532c8c6194dc0f2a4c0428e7128a/nodeenv-1.9.1-py2.py3-none-any.whl", hash = "sha256:ba11c9782d29c27c70ffbdda2d7415098754709be8a7056d79a737cd901155c9", size = 22314, upload-time = "2024-06-04T18:44:08.352Z" },
]

[[package]]
name = "numpy"
version = "2.2.5"
source = { registry = "https://pypi.org/simple" }
sdist = { url = "https://files.pythonhosted.org/packages/dc/b2/ce4b867d8cd9c0ee84938ae1e6a6f7926ebf928c9090d036fc3c6a04f946/numpy-2.2.5.tar.gz", hash = "sha256:a9c0d994680cd991b1cb772e8b297340085466a6fe964bc9d4e80f5e2f43c291", size = 20273920, upload-time = "2025-04-19T23:27:42.561Z" }
wheels = [
    { url = "https://files.pythonhosted.org/packages/e2/f7/1fd4ff108cd9d7ef929b8882692e23665dc9c23feecafbb9c6b80f4ec583/numpy-2.2.5-cp312-cp312-macosx_10_13_x86_64.whl", hash = "sha256:ee461a4eaab4f165b68780a6a1af95fb23a29932be7569b9fab666c407969051", size = 20948633, upload-time = "2025-04-19T22:37:52.4Z" },
    { url = "https://files.pythonhosted.org/packages/12/03/d443c278348371b20d830af155ff2079acad6a9e60279fac2b41dbbb73d8/numpy-2.2.5-cp312-cp312-macosx_11_0_arm64.whl", hash = "sha256:ec31367fd6a255dc8de4772bd1658c3e926d8e860a0b6e922b615e532d320ddc", size = 14176123, upload-time = "2025-04-19T22:38:15.058Z" },
    { url = "https://files.pythonhosted.org/packages/2b/0b/5ca264641d0e7b14393313304da48b225d15d471250376f3fbdb1a2be603/numpy-2.2.5-cp312-cp312-macosx_14_0_arm64.whl", hash = "sha256:47834cde750d3c9f4e52c6ca28a7361859fcaf52695c7dc3cc1a720b8922683e", size = 5163817, upload-time = "2025-04-19T22:38:24.885Z" },
    { url = "https://files.pythonhosted.org/packages/04/b3/d522672b9e3d28e26e1613de7675b441bbd1eaca75db95680635dd158c67/numpy-2.2.5-cp312-cp312-macosx_14_0_x86_64.whl", hash = "sha256:2c1a1c6ccce4022383583a6ded7bbcda22fc635eb4eb1e0a053336425ed36dfa", size = 6698066, upload-time = "2025-04-19T22:38:35.782Z" },
    { url = "https://files.pythonhosted.org/packages/a0/93/0f7a75c1ff02d4b76df35079676b3b2719fcdfb39abdf44c8b33f43ef37d/numpy-2.2.5-cp312-cp312-manylinux_2_17_aarch64.manylinux2014_aarch64.whl", hash = "sha256:9d75f338f5f79ee23548b03d801d28a505198297534f62416391857ea0479571", size = 14087277, upload-time = "2025-04-19T22:38:57.697Z" },
    { url = "https://files.pythonhosted.org/packages/b0/d9/7c338b923c53d431bc837b5b787052fef9ae68a56fe91e325aac0d48226e/numpy-2.2.5-cp312-cp312-manylinux_2_17_x86_64.manylinux2014_x86_64.whl", hash = "sha256:3a801fef99668f309b88640e28d261991bfad9617c27beda4a3aec4f217ea073", size = 16135742, upload-time = "2025-04-19T22:39:22.689Z" },
    { url = "https://files.pythonhosted.org/packages/2d/10/4dec9184a5d74ba9867c6f7d1e9f2e0fb5fe96ff2bf50bb6f342d64f2003/numpy-2.2.5-cp312-cp312-musllinux_1_2_aarch64.whl", hash = "sha256:abe38cd8381245a7f49967a6010e77dbf3680bd3627c0fe4362dd693b404c7f8", size = 15581825, upload-time = "2025-04-19T22:39:45.794Z" },
    { url = "https://files.pythonhosted.org/packages/80/1f/2b6fcd636e848053f5b57712a7d1880b1565eec35a637fdfd0a30d5e738d/numpy-2.2.5-cp312-cp312-musllinux_1_2_x86_64.whl", hash = "sha256:5a0ac90e46fdb5649ab6369d1ab6104bfe5854ab19b645bf5cda0127a13034ae", size = 17899600, upload-time = "2025-04-19T22:40:13.427Z" },
    { url = "https://files.pythonhosted.org/packages/ec/87/36801f4dc2623d76a0a3835975524a84bd2b18fe0f8835d45c8eae2f9ff2/numpy-2.2.5-cp312-cp312-win32.whl", hash = "sha256:0cd48122a6b7eab8f06404805b1bd5856200e3ed6f8a1b9a194f9d9054631beb", size = 6312626, upload-time = "2025-04-19T22:40:25.223Z" },
    { url = "https://files.pythonhosted.org/packages/8b/09/4ffb4d6cfe7ca6707336187951992bd8a8b9142cf345d87ab858d2d7636a/numpy-2.2.5-cp312-cp312-win_amd64.whl", hash = "sha256:ced69262a8278547e63409b2653b372bf4baff0870c57efa76c5703fd6543282", size = 12645715, upload-time = "2025-04-19T22:40:44.528Z" },
]

[[package]]
name = "packaging"
version = "25.0"
source = { registry = "https://pypi.org/simple" }
sdist = { url = "https://files.pythonhosted.org/packages/a1/d4/1fc4078c65507b51b96ca8f8c3ba19e6a61c8253c72794544580a7b6c24d/packaging-25.0.tar.gz", hash = "sha256:d443872c98d677bf60f6a1f2f8c1cb748e8fe762d2bf9d3148b5599295b0fc4f", size = 165727, upload-time = "2025-04-19T11:48:59.673Z" }
wheels = [
    { url = "https://files.pythonhosted.org/packages/20/12/38679034af332785aac8774540895e234f4d07f7545804097de4b666afd8/packaging-25.0-py3-none-any.whl", hash = "sha256:29572ef2b1f17581046b3a2227d5c611fb25ec70ca1ba8554b24b0e69331a484", size = 66469, upload-time = "2025-04-19T11:48:57.875Z" },
]

[[package]]
name = "platformdirs"
version = "4.3.7"
source = { registry = "https://pypi.org/simple" }
sdist = { url = "https://files.pythonhosted.org/packages/b6/2d/7d512a3913d60623e7eb945c6d1b4f0bddf1d0b7ada5225274c87e5b53d1/platformdirs-4.3.7.tar.gz", hash = "sha256:eb437d586b6a0986388f0d6f74aa0cde27b48d0e3d66843640bfb6bdcdb6e351", size = 21291, upload-time = "2025-03-19T20:36:10.989Z" }
wheels = [
    { url = "https://files.pythonhosted.org/packages/6d/45/59578566b3275b8fd9157885918fcd0c4d74162928a5310926887b856a51/platformdirs-4.3.7-py3-none-any.whl", hash = "sha256:a03875334331946f13c549dbd8f4bac7a13a50a895a0eb1e8c6a8ace80d40a94", size = 18499, upload-time = "2025-03-19T20:36:09.038Z" },
]

[[package]]
name = "pluggy"
version = "1.5.0"
source = { registry = "https://pypi.org/simple" }
sdist = { url = "https://files.pythonhosted.org/packages/96/2d/02d4312c973c6050a18b314a5ad0b3210edb65a906f868e31c111dede4a6/pluggy-1.5.0.tar.gz", hash = "sha256:2cffa88e94fdc978c4c574f15f9e59b7f4201d439195c3715ca9e2486f1d0cf1", size = 67955, upload-time = "2024-04-20T21:34:42.531Z" }
wheels = [
    { url = "https://files.pythonhosted.org/packages/88/5f/e351af9a41f866ac3f1fac4ca0613908d9a41741cfcf2228f4ad853b697d/pluggy-1.5.0-py3-none-any.whl", hash = "sha256:44e1ad92c8ca002de6377e165f3e0f1be63266ab4d554740532335b9d75ea669", size = 20556, upload-time = "2024-04-20T21:34:40.434Z" },
]

[[package]]
name = "pre-commit"
version = "4.2.0"
source = { registry = "https://pypi.org/simple" }
dependencies = [
    { name = "cfgv" },
    { name = "identify" },
    { name = "nodeenv" },
    { name = "pyyaml" },
    { name = "virtualenv" },
]
sdist = { url = "https://files.pythonhosted.org/packages/08/39/679ca9b26c7bb2999ff122d50faa301e49af82ca9c066ec061cfbc0c6784/pre_commit-4.2.0.tar.gz", hash = "sha256:601283b9757afd87d40c4c4a9b2b5de9637a8ea02eaff7adc2d0fb4e04841146", size = 193424, upload-time = "2025-03-18T21:35:20.987Z" }
wheels = [
    { url = "https://files.pythonhosted.org/packages/88/74/a88bf1b1efeae488a0c0b7bdf71429c313722d1fc0f377537fbe554e6180/pre_commit-4.2.0-py2.py3-none-any.whl", hash = "sha256:a009ca7205f1eb497d10b845e52c838a98b6cdd2102a6c8e4540e94ee75c58bd", size = 220707, upload-time = "2025-03-18T21:35:19.343Z" },
]

[[package]]
name = "pycparser"
version = "2.22"
source = { registry = "https://pypi.org/simple" }
sdist = { url = "https://files.pythonhosted.org/packages/1d/b2/31537cf4b1ca988837256c910a668b553fceb8f069bedc4b1c826024b52c/pycparser-2.22.tar.gz", hash = "sha256:491c8be9c040f5390f5bf44a5b07752bd07f56edf992381b05c701439eec10f6", size = 172736, upload-time = "2024-03-30T13:22:22.564Z" }
wheels = [
    { url = "https://files.pythonhosted.org/packages/13/a3/a812df4e2dd5696d1f351d58b8fe16a405b234ad2886a0dab9183fb78109/pycparser-2.22-py3-none-any.whl", hash = "sha256:c3702b6d3dd8c7abc1afa565d7e63d53a1d0bd86cdc24edd75470f4de499cfcc", size = 117552, upload-time = "2024-03-30T13:22:20.476Z" },
]

[[package]]
name = "pyelftools"
version = "0.32"
source = { registry = "https://pypi.org/simple" }
sdist = { url = "https://files.pythonhosted.org/packages/b9/ab/33968940b2deb3d92f5b146bc6d4009a5f95d1d06c148ea2f9ee965071af/pyelftools-0.32.tar.gz", hash = "sha256:6de90ee7b8263e740c8715a925382d4099b354f29ac48ea40d840cf7aa14ace5", size = 15047199, upload-time = "2025-02-19T14:20:05.549Z" }
wheels = [
    { url = "https://files.pythonhosted.org/packages/af/43/700932c4f0638c3421177144a2e86448c0d75dbaee2c7936bda3f9fd0878/pyelftools-0.32-py3-none-any.whl", hash = "sha256:013df952a006db5e138b1edf6d8a68ecc50630adbd0d83a2d41e7f846163d738", size = 188525, upload-time = "2025-02-19T14:19:59.919Z" },
]

[[package]]
name = "pygments"
version = "2.19.1"
source = { registry = "https://pypi.org/simple" }
sdist = { url = "https://files.pythonhosted.org/packages/7c/2d/c3338d48ea6cc0feb8446d8e6937e1408088a72a39937982cc6111d17f84/pygments-2.19.1.tar.gz", hash = "sha256:61c16d2a8576dc0649d9f39e089b5f02bcd27fba10d8fb4dcc28173f7a45151f", size = 4968581, upload-time = "2025-01-06T17:26:30.443Z" }
wheels = [
    { url = "https://files.pythonhosted.org/packages/8a/0b/9fcc47d19c48b59121088dd6da2488a49d5f72dacf8262e2790a1d2c7d15/pygments-2.19.1-py3-none-any.whl", hash = "sha256:9ea1544ad55cecf4b8242fab6dd35a93bbce657034b0611ee383099054ab6d8c", size = 1225293, upload-time = "2025-01-06T17:26:25.553Z" },
]

[[package]]
name = "pytest"
version = "8.3.5"
source = { registry = "https://pypi.org/simple" }
dependencies = [
    { name = "colorama", marker = "sys_platform == 'win32'" },
    { name = "iniconfig" },
    { name = "packaging" },
    { name = "pluggy" },
]
sdist = { url = "https://files.pythonhosted.org/packages/ae/3c/c9d525a414d506893f0cd8a8d0de7706446213181570cdbd766691164e40/pytest-8.3.5.tar.gz", hash = "sha256:f4efe70cc14e511565ac476b57c279e12a855b11f48f212af1080ef2263d3845", size = 1450891, upload-time = "2025-03-02T12:54:54.503Z" }
wheels = [
    { url = "https://files.pythonhosted.org/packages/30/3d/64ad57c803f1fa1e963a7946b6e0fea4a70df53c1a7fed304586539c2bac/pytest-8.3.5-py3-none-any.whl", hash = "sha256:c69214aa47deac29fad6c2a4f590b9c4a9fdb16a403176fe154b79c0b4d4d820", size = 343634, upload-time = "2025-03-02T12:54:52.069Z" },
]

[[package]]
name = "pyyaml"
version = "6.0.2"
source = { registry = "https://pypi.org/simple" }
sdist = { url = "https://files.pythonhosted.org/packages/54/ed/79a089b6be93607fa5cdaedf301d7dfb23af5f25c398d5ead2525b063e17/pyyaml-6.0.2.tar.gz", hash = "sha256:d584d9ec91ad65861cc08d42e834324ef890a082e591037abe114850ff7bbc3e", size = 130631, upload-time = "2024-08-06T20:33:50.674Z" }
wheels = [
    { url = "https://files.pythonhosted.org/packages/86/0c/c581167fc46d6d6d7ddcfb8c843a4de25bdd27e4466938109ca68492292c/PyYAML-6.0.2-cp312-cp312-macosx_10_9_x86_64.whl", hash = "sha256:c70c95198c015b85feafc136515252a261a84561b7b1d51e3384e0655ddf25ab", size = 183873, upload-time = "2024-08-06T20:32:25.131Z" },
    { url = "https://files.pythonhosted.org/packages/a8/0c/38374f5bb272c051e2a69281d71cba6fdb983413e6758b84482905e29a5d/PyYAML-6.0.2-cp312-cp312-macosx_11_0_arm64.whl", hash = "sha256:ce826d6ef20b1bc864f0a68340c8b3287705cae2f8b4b1d932177dcc76721725", size = 173302, upload-time = "2024-08-06T20:32:26.511Z" },
    { url = "https://files.pythonhosted.org/packages/c3/93/9916574aa8c00aa06bbac729972eb1071d002b8e158bd0e83a3b9a20a1f7/PyYAML-6.0.2-cp312-cp312-manylinux_2_17_aarch64.manylinux2014_aarch64.whl", hash = "sha256:1f71ea527786de97d1a0cc0eacd1defc0985dcf6b3f17bb77dcfc8c34bec4dc5", size = 739154, upload-time = "2024-08-06T20:32:28.363Z" },
    { url = "https://files.pythonhosted.org/packages/95/0f/b8938f1cbd09739c6da569d172531567dbcc9789e0029aa070856f123984/PyYAML-6.0.2-cp312-cp312-manylinux_2_17_s390x.manylinux2014_s390x.whl", hash = "sha256:9b22676e8097e9e22e36d6b7bda33190d0d400f345f23d4065d48f4ca7ae0425", size = 766223, upload-time = "2024-08-06T20:32:30.058Z" },
    { url = "https://files.pythonhosted.org/packages/b9/2b/614b4752f2e127db5cc206abc23a8c19678e92b23c3db30fc86ab731d3bd/PyYAML-6.0.2-cp312-cp312-manylinux_2_17_x86_64.manylinux2014_x86_64.whl", hash = "sha256:80bab7bfc629882493af4aa31a4cfa43a4c57c83813253626916b8c7ada83476", size = 767542, upload-time = "2024-08-06T20:32:31.881Z" },
    { url = "https://files.pythonhosted.org/packages/d4/00/dd137d5bcc7efea1836d6264f049359861cf548469d18da90cd8216cf05f/PyYAML-6.0.2-cp312-cp312-musllinux_1_1_aarch64.whl", hash = "sha256:0833f8694549e586547b576dcfaba4a6b55b9e96098b36cdc7ebefe667dfed48", size = 731164, upload-time = "2024-08-06T20:32:37.083Z" },
    { url = "https://files.pythonhosted.org/packages/c9/1f/4f998c900485e5c0ef43838363ba4a9723ac0ad73a9dc42068b12aaba4e4/PyYAML-6.0.2-cp312-cp312-musllinux_1_1_x86_64.whl", hash = "sha256:8b9c7197f7cb2738065c481a0461e50ad02f18c78cd75775628afb4d7137fb3b", size = 756611, upload-time = "2024-08-06T20:32:38.898Z" },
    { url = "https://files.pythonhosted.org/packages/df/d1/f5a275fdb252768b7a11ec63585bc38d0e87c9e05668a139fea92b80634c/PyYAML-6.0.2-cp312-cp312-win32.whl", hash = "sha256:ef6107725bd54b262d6dedcc2af448a266975032bc85ef0172c5f059da6325b4", size = 140591, upload-time = "2024-08-06T20:32:40.241Z" },
    { url = "https://files.pythonhosted.org/packages/0c/e8/4f648c598b17c3d06e8753d7d13d57542b30d56e6c2dedf9c331ae56312e/PyYAML-6.0.2-cp312-cp312-win_amd64.whl", hash = "sha256:7e7401d0de89a9a855c839bc697c079a4af81cf878373abd7dc625847d25cbd8", size = 156338, upload-time = "2024-08-06T20:32:41.93Z" },
]

[[package]]
name = "quix"
version = "0.1.0"
source = { editable = "." }
dependencies = [
    { name = "bidict" },
    { name = "mip" },
    { name = "multimethod" },
    { name = "numpy" },
    { name = "pyelftools" },
    { name = "rich" },
    { name = "typer" },
]

[package.dev-dependencies]
dev = [
    { name = "mypy" },
    { name = "pre-commit" },
    { name = "pytest" },
    { name = "quix" },
    { name = "ruff" },
]

[package.metadata]
requires-dist = [
    { name = "bidict", specifier = ">=0.23.1" },
    { name = "mip", specifier = "==1.16rc0" },
    { name = "multimethod", specifier = ">=2.0" },
    { name = "numpy", specifier = ">=2.2.5" },
    { name = "pyelftools", specifier = ">=0.32" },
    { name = "rich", specifier = ">=14.0.0" },
    { name = "typer", specifier = ">=0.16.0" },
]

[package.metadata.requires-dev]
dev = [
    { name = "mypy", specifier = ">=1.15.0" },
    { name = "pre-commit", specifier = ">=4.2.0" },
    { name = "pytest", specifier = ">=8.3.5" },
    { name = "quix", editable = "." },
    { name = "ruff", specifier = ">=0.11.6" },
]

[[package]]
name = "rich"
version = "14.0.0"
source = { registry = "https://pypi.org/simple" }
dependencies = [
    { name = "markdown-it-py" },
    { name = "pygments" },
]
sdist = { url = "https://files.pythonhosted.org/packages/a1/53/830aa4c3066a8ab0ae9a9955976fb770fe9c6102117c8ec4ab3ea62d89e8/rich-14.0.0.tar.gz", hash = "sha256:82f1bc23a6a21ebca4ae0c45af9bdbc492ed20231dcb63f297d6d1021a9d5725", size = 224078, upload-time = "2025-03-30T14:15:14.23Z" }
wheels = [
    { url = "https://files.pythonhosted.org/packages/0d/9b/63f4c7ebc259242c89b3acafdb37b41d1185c07ff0011164674e9076b491/rich-14.0.0-py3-none-any.whl", hash = "sha256:1c9491e1951aac09caffd42f448ee3d04e58923ffe14993f6e83068dc395d7e0", size = 243229, upload-time = "2025-03-30T14:15:12.283Z" },
]

[[package]]
name = "ruff"
version = "0.11.6"
source = { registry = "https://pypi.org/simple" }
sdist = { url = "https://files.pythonhosted.org/packages/d9/11/bcef6784c7e5d200b8a1f5c2ddf53e5da0efec37e6e5a44d163fb97e04ba/ruff-0.11.6.tar.gz", hash = "sha256:bec8bcc3ac228a45ccc811e45f7eb61b950dbf4cf31a67fa89352574b01c7d79", size = 4010053, upload-time = "2025-04-17T13:35:53.905Z" }
wheels = [
    { url = "https://files.pythonhosted.org/packages/6e/1f/8848b625100ebcc8740c8bac5b5dd8ba97dd4ee210970e98832092c1635b/ruff-0.11.6-py3-none-linux_armv6l.whl", hash = "sha256:d84dcbe74cf9356d1bdb4a78cf74fd47c740bf7bdeb7529068f69b08272239a1", size = 10248105, upload-time = "2025-04-17T13:35:14.758Z" },
    { url = "https://files.pythonhosted.org/packages/e0/47/c44036e70c6cc11e6ee24399c2a1e1f1e99be5152bd7dff0190e4b325b76/ruff-0.11.6-py3-none-macosx_10_12_x86_64.whl", hash = "sha256:9bc583628e1096148011a5d51ff3c836f51899e61112e03e5f2b1573a9b726de", size = 11001494, upload-time = "2025-04-17T13:35:18.444Z" },
    { url = "https://files.pythonhosted.org/packages/ed/5b/170444061650202d84d316e8f112de02d092bff71fafe060d3542f5bc5df/ruff-0.11.6-py3-none-macosx_11_0_arm64.whl", hash = "sha256:f2959049faeb5ba5e3b378709e9d1bf0cab06528b306b9dd6ebd2a312127964a", size = 10352151, upload-time = "2025-04-17T13:35:20.563Z" },
    { url = "https://files.pythonhosted.org/packages/ff/91/f02839fb3787c678e112c8865f2c3e87cfe1744dcc96ff9fc56cfb97dda2/ruff-0.11.6-py3-none-manylinux_2_17_aarch64.manylinux2014_aarch64.whl", hash = "sha256:63c5d4e30d9d0de7fedbfb3e9e20d134b73a30c1e74b596f40f0629d5c28a193", size = 10541951, upload-time = "2025-04-17T13:35:22.522Z" },
    { url = "https://files.pythonhosted.org/packages/9e/f3/c09933306096ff7a08abede3cc2534d6fcf5529ccd26504c16bf363989b5/ruff-0.11.6-py3-none-manylinux_2_17_armv7l.manylinux2014_armv7l.whl", hash = "sha256:26a4b9a4e1439f7d0a091c6763a100cef8fbdc10d68593df6f3cfa5abdd9246e", size = 10079195, upload-time = "2025-04-17T13:35:24.485Z" },
    { url = "https://files.pythonhosted.org/packages/e0/0d/a87f8933fccbc0d8c653cfbf44bedda69c9582ba09210a309c066794e2ee/ruff-0.11.6-py3-none-manylinux_2_17_i686.manylinux2014_i686.whl", hash = "sha256:b5edf270223dd622218256569636dc3e708c2cb989242262fe378609eccf1308", size = 11698918, upload-time = "2025-04-17T13:35:26.504Z" },
    { url = "https://files.pythonhosted.org/packages/52/7d/8eac0bd083ea8a0b55b7e4628428203441ca68cd55e0b67c135a4bc6e309/ruff-0.11.6-py3-none-manylinux_2_17_ppc64.manylinux2014_ppc64.whl", hash = "sha256:f55844e818206a9dd31ff27f91385afb538067e2dc0beb05f82c293ab84f7d55", size = 12319426, upload-time = "2025-04-17T13:35:28.452Z" },
    { url = "https://files.pythonhosted.org/packages/c2/dc/d0c17d875662d0c86fadcf4ca014ab2001f867621b793d5d7eef01b9dcce/ruff-0.11.6-py3-none-manylinux_2_17_ppc64le.manylinux2014_ppc64le.whl", hash = "sha256:1d8f782286c5ff562e4e00344f954b9320026d8e3fae2ba9e6948443fafd9ffc", size = 11791012, upload-time = "2025-04-17T13:35:30.455Z" },
    { url = "https://files.pythonhosted.org/packages/f9/f3/81a1aea17f1065449a72509fc7ccc3659cf93148b136ff2a8291c4bc3ef1/ruff-0.11.6-py3-none-manylinux_2_17_s390x.manylinux2014_s390x.whl", hash = "sha256:01c63ba219514271cee955cd0adc26a4083df1956d57847978383b0e50ffd7d2", size = 13949947, upload-time = "2025-04-17T13:35:33.133Z" },
    { url = "https://files.pythonhosted.org/packages/61/9f/a3e34de425a668284e7024ee6fd41f452f6fa9d817f1f3495b46e5e3a407/ruff-0.11.6-py3-none-manylinux_2_17_x86_64.manylinux2014_x86_64.whl", hash = "sha256:15adac20ef2ca296dd3d8e2bedc6202ea6de81c091a74661c3666e5c4c223ff6", size = 11471753, upload-time = "2025-04-17T13:35:35.416Z" },
    { url = "https://files.pythonhosted.org/packages/df/c5/4a57a86d12542c0f6e2744f262257b2aa5a3783098ec14e40f3e4b3a354a/ruff-0.11.6-py3-none-musllinux_1_2_aarch64.whl", hash = "sha256:4dd6b09e98144ad7aec026f5588e493c65057d1b387dd937d7787baa531d9bc2", size = 10417121, upload-time = "2025-04-17T13:35:38.224Z" },
    { url = "https://files.pythonhosted.org/packages/58/3f/a3b4346dff07ef5b862e2ba06d98fcbf71f66f04cf01d375e871382b5e4b/ruff-0.11.6-py3-none-musllinux_1_2_armv7l.whl", hash = "sha256:45b2e1d6c0eed89c248d024ea95074d0e09988d8e7b1dad8d3ab9a67017a5b03", size = 10073829, upload-time = "2025-04-17T13:35:40.255Z" },
    { url = "https://files.pythonhosted.org/packages/93/cc/7ed02e0b86a649216b845b3ac66ed55d8aa86f5898c5f1691797f408fcb9/ruff-0.11.6-py3-none-musllinux_1_2_i686.whl", hash = "sha256:bd40de4115b2ec4850302f1a1d8067f42e70b4990b68838ccb9ccd9f110c5e8b", size = 11076108, upload-time = "2025-04-17T13:35:42.559Z" },
    { url = "https://files.pythonhosted.org/packages/39/5e/5b09840fef0eff1a6fa1dea6296c07d09c17cb6fb94ed5593aa591b50460/ruff-0.11.6-py3-none-musllinux_1_2_x86_64.whl", hash = "sha256:77cda2dfbac1ab73aef5e514c4cbfc4ec1fbef4b84a44c736cc26f61b3814cd9", size = 11512366, upload-time = "2025-04-17T13:35:45.702Z" },
    { url = "https://files.pythonhosted.org/packages/6f/4c/1cd5a84a412d3626335ae69f5f9de2bb554eea0faf46deb1f0cb48534042/ruff-0.11.6-py3-none-win32.whl", hash = "sha256:5151a871554be3036cd6e51d0ec6eef56334d74dfe1702de717a995ee3d5b287", size = 10485900, upload-time = "2025-04-17T13:35:47.695Z" },
    { url = "https://files.pythonhosted.org/packages/42/46/8997872bc44d43df986491c18d4418f1caff03bc47b7f381261d62c23442/ruff-0.11.6-py3-none-win_amd64.whl", hash = "sha256:cce85721d09c51f3b782c331b0abd07e9d7d5f775840379c640606d3159cae0e", size = 11558592, upload-time = "2025-04-17T13:35:49.837Z" },
    { url = "https://files.pythonhosted.org/packages/d7/6a/65fecd51a9ca19e1477c3879a7fda24f8904174d1275b419422ac00f6eee/ruff-0.11.6-py3-none-win_arm64.whl", hash = "sha256:3567ba0d07fb170b1b48d944715e3294b77f5b7679e8ba258199a250383ccb79", size = 10682766, upload-time = "2025-04-17T13:35:52.014Z" },
]

[[package]]
name = "shellingham"
version = "1.5.4"
source = { registry = "https://pypi.org/simple" }
sdist = { url = "https://files.pythonhosted.org/packages/58/15/8b3609fd3830ef7b27b655beb4b4e9c62313a4e8da8c676e142cc210d58e/shellingham-1.5.4.tar.gz", hash = "sha256:8dbca0739d487e5bd35ab3ca4b36e11c4078f3a234bfce294b0a0291363404de", size = 10310, upload-time = "2023-10-24T04:13:40.426Z" }
wheels = [
    { url = "https://files.pythonhosted.org/packages/e0/f9/0595336914c5619e5f28a1fb793285925a8cd4b432c9da0a987836c7f822/shellingham-1.5.4-py2.py3-none-any.whl", hash = "sha256:7ecfff8f2fd72616f7481040475a65b2bf8af90a56c89140852d1120324e8686", size = 9755, upload-time = "2023-10-24T04:13:38.866Z" },
]

[[package]]
name = "typer"
version = "0.16.0"
source = { registry = "https://pypi.org/simple" }
dependencies = [
    { name = "click" },
    { name = "rich" },
    { name = "shellingham" },
    { name = "typing-extensions" },
]
sdist = { url = "https://files.pythonhosted.org/packages/c5/8c/7d682431efca5fd290017663ea4588bf6f2c6aad085c7f108c5dbc316e70/typer-0.16.0.tar.gz", hash = "sha256:af377ffaee1dbe37ae9440cb4e8f11686ea5ce4e9bae01b84ae7c63b87f1dd3b", size = 102625, upload-time = "2025-05-26T14:30:31.824Z" }
wheels = [
    { url = "https://files.pythonhosted.org/packages/76/42/3efaf858001d2c2913de7f354563e3a3a2f0decae3efe98427125a8f441e/typer-0.16.0-py3-none-any.whl", hash = "sha256:1f79bed11d4d02d4310e3c1b7ba594183bcedb0ac73b27a9e5f28f6fb5b98855", size = 46317, upload-time = "2025-05-26T14:30:30.523Z" },
]

[[package]]
name = "typing-extensions"
version = "4.13.2"
source = { registry = "https://pypi.org/simple" }
sdist = { url = "https://files.pythonhosted.org/packages/f6/37/23083fcd6e35492953e8d2aaaa68b860eb422b34627b13f2ce3eb6106061/typing_extensions-4.13.2.tar.gz", hash = "sha256:e6c81219bd689f51865d9e372991c540bda33a0379d5573cddb9a3a23f7caaef", size = 106967, upload-time = "2025-04-10T14:19:05.416Z" }
wheels = [
    { url = "https://files.pythonhosted.org/packages/8b/54/b1ae86c0973cc6f0210b53d508ca3641fb6d0c56823f288d108bc7ab3cc8/typing_extensions-4.13.2-py3-none-any.whl", hash = "sha256:a439e7c04b49fec3e5d3e2beaa21755cadbbdc391694e28ccdd36ca4a1408f8c", size = 45806, upload-time = "2025-04-10T14:19:03.967Z" },
]

[[package]]
name = "virtualenv"
version = "20.30.0"
source = { registry = "https://pypi.org/simple" }
dependencies = [
    { name = "distlib" },
    { name = "filelock" },
    { name = "platformdirs" },
]
sdist = { url = "https://files.pythonhosted.org/packages/38/e0/633e369b91bbc664df47dcb5454b6c7cf441e8f5b9d0c250ce9f0546401e/virtualenv-20.30.0.tar.gz", hash = "sha256:800863162bcaa5450a6e4d721049730e7f2dae07720e0902b0e4040bd6f9ada8", size = 4346945, upload-time = "2025-03-31T16:33:29.185Z" }
wheels = [
    { url = "https://files.pythonhosted.org/packages/4c/ed/3cfeb48175f0671ec430ede81f628f9fb2b1084c9064ca67ebe8c0ed6a05/virtualenv-20.30.0-py3-none-any.whl", hash = "sha256:e34302959180fca3af42d1800df014b35019490b119eba981af27f2fa486e5d6", size = 4329461, upload-time = "2025-03-31T16:33:26.758Z" },
]
